
Microsoft Visual Studio Solution File, Format Version 12.00
# Visual Studio Version 17
VisualStudioVersion = 17.2.32526.322
MinimumVisualStudioVersion = 10.0.40219.1
Project("{FAE04EC0-301F-11D3-BF4B-00C04F79EFBC}") = "ModelBinding", "ModelBinding\ModelBinding.csproj", "{AD017D70-4F09-4801-87D7-799E8FA52CBE}"
EndProject
Global
	GlobalSection(SolutionConfigurationPlatforms) = preSolution
		Debug|Any CPU = Debug|Any CPU
		Release|Any CPU = Release|Any CPU
	EndGlobalSection
	GlobalSection(ProjectConfigurationPlatforms) = postSolution
		{AD017D70-4F09-4801-87D7-799E8FA52CBE}.Debug|Any CPU.ActiveCfg = Debug|Any CPU
		{AD017D70-4F09-4801-87D7-799E8FA52CBE}.Debug|Any CPU.Build.0 = Debug|Any CPU
		{AD017D70-4F09-4801-87D7-799E8FA52CBE}.Release|Any CPU.ActiveCfg = Release|Any CPU
		{AD017D70-4F09-4801-87D7-799E8FA52CBE}.Release|Any CPU.Build.0 = Release|Any CPU
	EndGlobalSection
	GlobalSection(SolutionProperties) = preSolution
		HideSolutionNode = FALSE
	EndGlobalSection
	GlobalSection(ExtensibilityGlobals) = postSolution
		SolutionGuid = {BAA4F275-195D-4AE7-9C31-62554EFB44AD}
	EndGlobalSection
EndGlobal
